<Solution>
  <Project Path="SocAlytics.Platform.Api/SocAlytics.Platform.Api.csproj" />
  <Project Path="SocAlytics.Platform.AppHost/SocAlytics.Platform.AppHost.csproj" />
  <Project Path="SocAlytics.Platform.Application/SocAlytics.Platform.Application.csproj" />
  <Project Path="SocAlytics.Platform.Domain/SocAlytics.Platform.Domain.csproj" />
  <Project Path="SocAlytics.Platform.Infrastructure/SocAlytics.Platform.Infrastructure.csproj" />
  <Project Path="SocAlytics.Platform.Migrator/SocAlytics.Platform.Migrator.csproj" />
  <Project Path="SocAlytics.Platform.ServiceDefaults/SocAlytics.Platform.ServiceDefaults.csproj" />
  <Folder Name="/Tests/">
    <Project Path="Tests/SocAlytics.Platform.Architecture.Tests/SocAlytics.Platform.Architecture.Tests.csproj" />
    <Project Path="Tests/SocAlytics.Platform.Contracts.Tests/SocAlytics.Platform.Contracts.Tests.csproj" />
    <Project Path="Tests/SocAlytics.Platform.Host.Tests/SocAlytics.Platform.Host.Tests.csproj" />
    <Project Path="Tests/SocAlytics.Platform.Integration.Tests/SocAlytics.Platform.Integration.Tests.csproj" />
  </Folder>
</Solution>
